# This file is automatically @generated by Cargo.
# It is not intended for manual editing.
version = 4

[[package]]
name = "ahash"
version = "0.8.11"
source = "registry+https://github.com/rust-lang/crates.io-index"
checksum = "e89da841a80418a9b391ebaea17f5c112ffaaa96f621d2c285b5174da76b9011"
dependencies = [
 "cfg-if",
 "getrandom",
 "once_cell",
 "version_check",
 "zerocopy",
]

[[package]]
name = "aho-corasick"
version = "1.1.3"
source = "registry+https://github.com/rust-lang/crates.io-index"
checksum = "8e60d3430d3a69478ad0993f19238d2df97c507009a52b3c10addcd7f6bcb916"
dependencies = [
 "memchr",
]

[[package]]
name = "allocator-api2"
version = "0.2.21"
source = "registry+https://github.com/rust-lang/crates.io-index"
checksum = "683d7910e743518b0e34f1186f92494becacb047c7b6bf616c96772180fef923"

[[package]]
name = "argminmax"
version = "0.6.2"
source = "registry+https://github.com/rust-lang/crates.io-index"
checksum = "52424b59d69d69d5056d508b260553afd91c57e21849579cd1f50ee8b8b88eaa"
dependencies = [
 "num-traits",
]

[[package]]
name = "array-init-cursor"
version = "0.2.0"
source = "registry+https://github.com/rust-lang/crates.io-index"
checksum = "bf7d0a018de4f6aa429b9d33d69edf69072b1c5b1cb8d3e4a5f7ef898fc3eb76"

[[package]]
name = "atoi_simd"
version = "0.16.0"
source = "registry+https://github.com/rust-lang/crates.io-index"
checksum = "4790f9e8961209112beb783d85449b508673cf4a6a419c8449b210743ac4dbe9"

[[package]]
name = "autocfg"
version = "1.4.0"
source = "registry+https://github.com/rust-lang/crates.io-index"
checksum = "ace50bade8e6234aa140d9a2f552bbee1db4d353f69b8217bc503490fc1a9f26"

[[package]]
name = "base64"
version = "0.22.1"
source = "registry+https://github.com/rust-lang/crates.io-index"
checksum = "72b3254f16251a8381aa12e40e3c4d2f0199f8c6508fbecb9d91f575e0fbb8c6"

[[package]]
name = "bitflags"
version = "2.6.0"
source = "registry+https://github.com/rust-lang/crates.io-index"
checksum = "b048fb63fd8b5923fc5aa7b340d8e156aec7ec02f0c78fa8a6ddc2613f6f71de"

[[package]]
name = "bumpalo"
version = "3.16.0"
source = "registry+https://github.com/rust-lang/crates.io-index"
checksum = "79296716171880943b8470b5f8d03aa55eb2e645a4874bdbb28adb49162e012c"

[[package]]
name = "bytemuck"
version = "1.21.0"
source = "registry+https://github.com/rust-lang/crates.io-index"
checksum = "ef657dfab802224e671f5818e9a4935f9b1957ed18e58292690cc39e7a4092a3"
dependencies = [
 "bytemuck_derive",
]

[[package]]
name = "bytemuck_derive"
version = "1.8.1"
source = "registry+https://github.com/rust-lang/crates.io-index"
checksum = "3fa76293b4f7bb636ab88fd78228235b5248b4d05cc589aed610f954af5d7c7a"
dependencies = [
 "proc-macro2",
 "quote",
 "syn 2.0.94",
]

[[package]]
name = "byteorder"
version = "1.5.0"
source = "registry+https://github.com/rust-lang/crates.io-index"
checksum = "1fd0f2584146f6f2ef48085050886acf353beff7305ebd1ae69500e27c67f64b"

[[package]]
name = "bytes"
version = "1.9.0"
source = "registry+https://github.com/rust-lang/crates.io-index"
checksum = "325918d6fe32f23b19878fe4b34794ae41fc19ddbe53b10571a4874d44ffd39b"

[[package]]
name = "castaway"
version = "0.2.3"
source = "registry+https://github.com/rust-lang/crates.io-index"
checksum = "0abae9be0aaf9ea96a3b1b8b1b55c602ca751eba1b1500220cea4ecbafe7c0d5"
dependencies = [
 "rustversion",
]

[[package]]
name = "cc"
version = "1.2.7"
source = "registry+https://github.com/rust-lang/crates.io-index"
checksum = "a012a0df96dd6d06ba9a1b29d6402d1a5d77c6befd2566afdc26e10603dc93d7"
dependencies = [
 "shlex",
]

[[package]]
name = "cfg-if"
version = "1.0.0"
source = "registry+https://github.com/rust-lang/crates.io-index"
checksum = "baf1de4339761588bc0619e3cbc0120ee582ebb74b53b4efbf79117bd2da40fd"

[[package]]
name = "chrono"
version = "0.4.39"
source = "registry+https://github.com/rust-lang/crates.io-index"
checksum = "7e36cc9d416881d2e24f9a963be5fb1cd90966419ac844274161d10488b3e825"
dependencies = [
 "num-traits",
]

[[package]]
name = "chrono-tz"
version = "0.10.0"
source = "registry+https://github.com/rust-lang/crates.io-index"
checksum = "cd6dd8046d00723a59a2f8c5f295c515b9bb9a331ee4f8f3d4dd49e428acd3b6"
dependencies = [
 "chrono",
 "chrono-tz-build",
 "phf",
]

[[package]]
name = "chrono-tz-build"
version = "0.4.0"
source = "registry+https://github.com/rust-lang/crates.io-index"
checksum = "e94fea34d77a245229e7746bd2beb786cd2a896f306ff491fb8cecb3074b10a7"
dependencies = [
 "parse-zoneinfo",
 "phf_codegen",
]

[[package]]
name = "compact_str"
version = "0.8.1"
source = "registry+https://github.com/rust-lang/crates.io-index"
checksum = "3b79c4069c6cad78e2e0cdfcbd26275770669fb39fd308a752dc110e83b9af32"
dependencies = [
 "castaway",
 "cfg-if",
 "itoa",
 "rustversion",
 "ryu",
 "serde",
 "static_assertions",
]

[[package]]
name = "crossbeam-deque"
version = "0.8.6"
source = "registry+https://github.com/rust-lang/crates.io-index"
checksum = "9dd111b7b7f7d55b72c0a6ae361660ee5853c9af73f70c3c2ef6858b950e2e51"
dependencies = [
 "crossbeam-epoch",
 "crossbeam-utils",
]

[[package]]
name = "crossbeam-epoch"
version = "0.9.18"
source = "registry+https://github.com/rust-lang/crates.io-index"
checksum = "5b82ac4a3c2ca9c3460964f020e1402edd5753411d7737aa39c3714ad1b5420e"
dependencies = [
 "crossbeam-utils",
]

[[package]]
name = "crossbeam-utils"
version = "0.8.21"
source = "registry+https://github.com/rust-lang/crates.io-index"
checksum = "d0a5c400df2834b80a4c3327b3aad3a4c4cd4de0629063962b03235697506a28"

[[package]]
name = "dyn-clone"
version = "1.0.17"
source = "registry+https://github.com/rust-lang/crates.io-index"
checksum = "0d6ef0072f8a535281e4876be788938b528e9a1d43900b82c2569af7da799125"

[[package]]
name = "either"
version = "1.13.0"
source = "registry+https://github.com/rust-lang/crates.io-index"
checksum = "60b1af1c220855b6ceac025d3f6ecdd2b7c4894bfe9cd9bda4fbb4bc7c0d4cf0"

[[package]]
name = "equivalent"
version = "1.0.1"
source = "registry+https://github.com/rust-lang/crates.io-index"
checksum = "5443807d6dff69373d433ab9ef5378ad8df50ca6298caf15de6e52e24aaf54d5"

[[package]]
name = "ethnum"
version = "1.5.0"
source = "registry+https://github.com/rust-lang/crates.io-index"
checksum = "b90ca2580b73ab6a1f724b76ca11ab632df820fd6040c336200d2c1df7b3c82c"

[[package]]
name = "fallible-streaming-iterator"
version = "0.1.9"
source = "registry+https://github.com/rust-lang/crates.io-index"
checksum = "7360491ce676a36bf9bb3c56c1aa791658183a54d2744120f27285738d90465a"

[[package]]
name = "fast-float2"
version = "0.2.3"
source = "registry+https://github.com/rust-lang/crates.io-index"
checksum = "f8eb564c5c7423d25c886fb561d1e4ee69f72354d16918afa32c08811f6b6a55"

[[package]]
name = "foldhash"
version = "0.1.4"
source = "registry+https://github.com/rust-lang/crates.io-index"
checksum = "a0d2fde1f7b3d48b8395d5f2de76c18a528bd6a9cdde438df747bfcba3e05d6f"

[[package]]
name = "getrandom"
version = "0.2.15"
source = "registry+https://github.com/rust-lang/crates.io-index"
checksum = "c4567c8db10ae91089c99af84c68c38da3ec2f087c3f82960bcdbf3656b6f4d7"
dependencies = [
 "cfg-if",
 "js-sys",
 "libc",
 "wasi",
 "wasm-bindgen",
]

[[package]]
name = "glob"
version = "0.3.2"
source = "registry+https://github.com/rust-lang/crates.io-index"
checksum = "a8d1add55171497b4705a648c6b583acafb01d58050a51727785f0b2c8e0a2b2"

[[package]]
name = "hashbrown"
version = "0.14.5"
source = "registry+https://github.com/rust-lang/crates.io-index"
checksum = "e5274423e17b7c9fc20b6e7e208532f9b19825d82dfd615708b70edd83df41f1"
dependencies = [
 "ahash",
 "allocator-api2",
 "rayon",
 "serde",
]

[[package]]
name = "hashbrown"
version = "0.15.2"
source = "registry+https://github.com/rust-lang/crates.io-index"
checksum = "bf151400ff0baff5465007dd2f3e717f3fe502074ca563069ce3a6629d07b289"
dependencies = [
 "allocator-api2",
 "equivalent",
 "foldhash",
 "rayon",
 "serde",
]

[[package]]
name = "heck"
version = "0.5.0"
source = "registry+https://github.com/rust-lang/crates.io-index"
checksum = "2304e00983f87ffb38b55b444b5e3b60a884b5d30c0fca7d82fe33449bbe55ea"

[[package]]
name = "home"
version = "0.5.11"
source = "registry+https://github.com/rust-lang/crates.io-index"
checksum = "589533453244b0995c858700322199b2becb13b627df2851f64a2775d024abcf"
dependencies = [
 "windows-sys",
]

[[package]]
name = "indexmap"
version = "2.7.0"
source = "registry+https://github.com/rust-lang/crates.io-index"
checksum = "62f822373a4fe84d4bb149bf54e584a7f4abec90e072ed49cda0edea5b95471f"
dependencies = [
 "equivalent",
 "hashbrown 0.15.2",
 "serde",
]

[[package]]
name = "indoc"
version = "2.0.5"
source = "registry+https://github.com/rust-lang/crates.io-index"
checksum = "b248f5224d1d606005e02c97f5aa4e88eeb230488bcc03bc9ca4d7991399f2b5"

[[package]]
name = "ipnet"
version = "2.10.1"
source = "registry+https://github.com/rust-lang/crates.io-index"
checksum = "ddc24109865250148c2e0f3d25d4f0f479571723792d3802153c60922a4fb708"

[[package]]
name = "ipnetwork"
version = "0.20.0"
source = "registry+https://github.com/rust-lang/crates.io-index"
checksum = "bf466541e9d546596ee94f9f69590f89473455f88372423e0008fc1a7daf100e"
dependencies = [
 "serde",
]

[[package]]
name = "iptrie"
version = "0.8.8"
source = "registry+https://github.com/rust-lang/crates.io-index"
checksum = "7abaf841934765417113653eaa76d8ceb5df0d1d8a628d5b48d945f63da57dfd"
dependencies = [
 "ipnet",
]

[[package]]
name = "iter-read"
version = "1.1.0"
source = "registry+https://github.com/rust-lang/crates.io-index"
checksum = "071ed4cc1afd86650602c7b11aa2e1ce30762a1c27193201cb5cee9c6ebb1294"

[[package]]
name = "itoa"
version = "1.0.14"
source = "registry+https://github.com/rust-lang/crates.io-index"
checksum = "d75a2a4b1b190afb6f5425f10f6a8f959d2ea0b9c2b1d79553551850539e4674"

[[package]]
name = "itoap"
version = "1.0.1"
source = "registry+https://github.com/rust-lang/crates.io-index"
checksum = "9028f49264629065d057f340a86acb84867925865f73bbf8d47b4d149a7e88b8"

[[package]]
name = "js-sys"
version = "0.3.76"
source = "registry+https://github.com/rust-lang/crates.io-index"
checksum = "6717b6b5b077764fb5966237269cb3c64edddde4b14ce42647430a78ced9e7b7"
dependencies = [
 "once_cell",
 "wasm-bindgen",
]

[[package]]
name = "lazy_static"
version = "1.5.0"
source = "registry+https://github.com/rust-lang/crates.io-index"
checksum = "bbd2bcb4c963f2ddae06a2efc7e9f3591312473c50c6685e1f298068316e66fe"

[[package]]
name = "libc"
version = "0.2.169"
source = "registry+https://github.com/rust-lang/crates.io-index"
checksum = "b5aba8db14291edd000dfcc4d620c7ebfb122c613afb886ca8803fa4e128a20a"

[[package]]
name = "libm"
version = "0.2.11"
source = "registry+https://github.com/rust-lang/crates.io-index"
checksum = "8355be11b20d696c8f18f6cc018c4e372165b1fa8126cef092399c9951984ffa"

[[package]]
name = "lock_api"
version = "0.4.12"
source = "registry+https://github.com/rust-lang/crates.io-index"
checksum = "07af8b9cdd281b7915f413fa73f29ebd5d55d0d3f0155584dade1ff18cea1b17"
dependencies = [
 "autocfg",
 "scopeguard",
]

[[package]]
name = "log"
version = "0.4.22"
source = "registry+https://github.com/rust-lang/crates.io-index"
checksum = "a7a70ba024b9dc04c27ea2f0c0548feb474ec5c54bba33a7f72f873a39d07b24"

[[package]]
name = "maxminddb"
version = "0.24.0"
source = "registry+https://github.com/rust-lang/crates.io-index"
checksum = "d6087e5d8ea14861bb7c7f573afbc7be3798d3ef0fae87ec4fd9a4de9a127c3c"
dependencies = [
 "ipnetwork",
 "log",
 "memchr",
 "memmap2",
 "serde",
]

[[package]]
name = "memchr"
version = "2.7.4"
source = "registry+https://github.com/rust-lang/crates.io-index"
checksum = "78ca9ab1a0babb1e7d5695e3530886289c18cf2f87ec19a575a0abdce112e3a3"

[[package]]
name = "memmap2"
version = "0.9.5"
source = "registry+https://github.com/rust-lang/crates.io-index"
checksum = "fd3f7eed9d3848f8b98834af67102b720745c4ec028fcd0aa0239277e7de374f"
dependencies = [
 "libc",
]

[[package]]
name = "memoffset"
version = "0.9.1"
source = "registry+https://github.com/rust-lang/crates.io-index"
checksum = "488016bfae457b036d996092f6cb448677611ce4449e970ceaf42695203f218a"
dependencies = [
 "autocfg",
]

[[package]]
name = "multiversion"
version = "0.7.4"
source = "registry+https://github.com/rust-lang/crates.io-index"
checksum = "c4851161a11d3ad0bf9402d90ffc3967bf231768bfd7aeb61755ad06dbf1a142"
dependencies = [
 "multiversion-macros",
 "target-features",
]

[[package]]
name = "multiversion-macros"
version = "0.7.4"
source = "registry+https://github.com/rust-lang/crates.io-index"
checksum = "79a74ddee9e0c27d2578323c13905793e91622148f138ba29738f9dddb835e90"
dependencies = [
 "proc-macro2",
 "quote",
 "syn 1.0.109",
 "target-features",
]

[[package]]
name = "num-bigint"
version = "0.4.6"
source = "registry+https://github.com/rust-lang/crates.io-index"
checksum = "a5e44f723f1133c9deac646763579fdb3ac745e418f2a7af9cd0c431da1f20b9"
dependencies = [
 "num-integer",
 "num-traits",
]

[[package]]
name = "num-integer"
version = "0.1.46"
source = "registry+https://github.com/rust-lang/crates.io-index"
checksum = "7969661fd2958a5cb096e56c8e1ad0444ac2bbcd0061bd28660485a44879858f"
dependencies = [
 "num-traits",
]

[[package]]
name = "num-traits"
version = "0.2.19"
source = "registry+https://github.com/rust-lang/crates.io-index"
checksum = "071dfc062690e90b734c0b2273ce72ad0ffa95f0c74596bc250dcfd960262841"
dependencies = [
 "autocfg",
 "libm",
]

[[package]]
name = "once_cell"
version = "1.20.2"
source = "registry+https://github.com/rust-lang/crates.io-index"
checksum = "1261fe7e33c73b354eab43b1273a57c8f967d0391e80353e51f764ac02cf6775"

[[package]]
name = "parking_lot"
version = "0.12.3"
source = "registry+https://github.com/rust-lang/crates.io-index"
checksum = "f1bf18183cf54e8d6059647fc3063646a1801cf30896933ec2311622cc4b9a27"
dependencies = [
 "lock_api",
 "parking_lot_core",
]

[[package]]
name = "parking_lot_core"
version = "0.9.10"
source = "registry+https://github.com/rust-lang/crates.io-index"
checksum = "1e401f977ab385c9e4e3ab30627d6f26d00e2c73eef317493c4ec6d468726cf8"
dependencies = [
 "cfg-if",
 "libc",
 "redox_syscall",
 "smallvec",
 "windows-targets",
]

[[package]]
name = "parse-zoneinfo"
version = "0.3.1"
source = "registry+https://github.com/rust-lang/crates.io-index"
checksum = "1f2a05b18d44e2957b88f96ba460715e295bc1d7510468a2f3d3b44535d26c24"
dependencies = [
 "regex",
]

[[package]]
name = "percent-encoding"
version = "2.3.1"
source = "registry+https://github.com/rust-lang/crates.io-index"
checksum = "e3148f5046208a5d56bcfc03053e3ca6334e51da8dfb19b6cdc8b306fae3283e"

[[package]]
name = "phf"
version = "0.11.3"
source = "registry+https://github.com/rust-lang/crates.io-index"
checksum = "1fd6780a80ae0c52cc120a26a1a42c1ae51b247a253e4e06113d23d2c2edd078"
dependencies = [
 "phf_shared",
]

[[package]]
name = "phf_codegen"
version = "0.11.3"
source = "registry+https://github.com/rust-lang/crates.io-index"
checksum = "aef8048c789fa5e851558d709946d6d79a8ff88c0440c587967f8e94bfb1216a"
dependencies = [
 "phf_generator",
 "phf_shared",
]

[[package]]
name = "phf_generator"
version = "0.11.3"
source = "registry+https://github.com/rust-lang/crates.io-index"
checksum = "3c80231409c20246a13fddb31776fb942c38553c51e871f8cbd687a4cfb5843d"
dependencies = [
 "phf_shared",
 "rand",
]

[[package]]
name = "phf_shared"
version = "0.11.3"
source = "registry+https://github.com/rust-lang/crates.io-index"
checksum = "67eabc2ef2a60eb7faa00097bd1ffdb5bd28e62bf39990626a582201b7a754e5"
dependencies = [
 "siphasher",
]

[[package]]
name = "planus"
version = "0.3.1"
source = "registry+https://github.com/rust-lang/crates.io-index"
checksum = "fc1691dd09e82f428ce8d6310bd6d5da2557c82ff17694d2a32cad7242aea89f"
dependencies = [
 "array-init-cursor",
]

[[package]]
name = "polars"
version = "0.45.1"
source = "registry+https://github.com/rust-lang/crates.io-index"
checksum = "0c0af18ae021b0396c42f39396146332957ebc4d4d25d931b4fe73509948f348"
dependencies = [
 "getrandom",
 "polars-arrow",
 "polars-core",
 "polars-error",
 "polars-io",
 "polars-lazy",
 "polars-ops",
 "polars-parquet",
 "polars-utils",
 "version_check",
]

[[package]]
name = "polars-arrow"
version = "0.45.1"
source = "registry+https://github.com/rust-lang/crates.io-index"
checksum = "d1fd3c64d50b7f5f328e1566cab9979d4bc1ba2ff22114b301ed2ee0e518dbca"
dependencies = [
 "ahash",
 "bytemuck",
 "chrono",
 "chrono-tz",
 "dyn-clone",
 "either",
 "ethnum",
 "getrandom",
 "hashbrown 0.15.2",
 "multiversion",
 "num-traits",
 "parking_lot",
 "polars-arrow-format",
 "polars-error",
 "polars-schema",
 "polars-utils",
 "simdutf8",
 "streaming-iterator",
 "strength_reduce",
 "strum_macros",
 "version_check",
]

[[package]]
name = "polars-arrow-format"
version = "0.1.0"
source = "registry+https://github.com/rust-lang/crates.io-index"
checksum = "19b0ef2474af9396b19025b189d96e992311e6a47f90c53cd998b36c4c64b84c"
dependencies = [
 "planus",
 "serde",
]

[[package]]
name = "polars-compute"
version = "0.45.1"
source = "registry+https://github.com/rust-lang/crates.io-index"
checksum = "e60822c245a870113df5a88fb184039501eda0a56bcd0c3f866406ff659df340"
dependencies = [
 "atoi_simd",
 "bytemuck",
 "chrono",
 "either",
 "fast-float2",
 "itoa",
 "itoap",
 "num-traits",
 "polars-arrow",
 "polars-error",
 "polars-utils",
 "ryu",
 "strength_reduce",
 "version_check",
]

[[package]]
name = "polars-core"
version = "0.45.1"
source = "registry+https://github.com/rust-lang/crates.io-index"
checksum = "4794a9e38ef2faf7e47a6f736c7f156c6fbb66cd529f82593b2d48348e422c8d"
dependencies = [
 "ahash",
 "bitflags",
 "bytemuck",
 "chrono",
 "either",
 "hashbrown 0.14.5",
 "hashbrown 0.15.2",
 "indexmap",
 "itoa",
 "num-traits",
 "once_cell",
 "polars-arrow",
 "polars-compute",
 "polars-error",
 "polars-row",
 "polars-schema",
 "polars-utils",
 "rand",
 "rand_distr",
 "rayon",
 "regex",
 "strum_macros",
 "thiserror 2.0.9",
 "version_check",
 "xxhash-rust",
]

[[package]]
name = "polars-error"
version = "0.45.1"
source = "registry+https://github.com/rust-lang/crates.io-index"
checksum = "100093a164bf6c001487ea528b7504f4be1a6881bcffe279bd6133e8f4b4e4f7"
dependencies = [
 "polars-arrow-format",
 "regex",
 "simdutf8",
 "thiserror 2.0.9",
]

[[package]]
name = "polars-expr"
version = "0.45.1"
source = "registry+https://github.com/rust-lang/crates.io-index"
checksum = "ad56c5ea4d6e0546fbc3fa35918a537b76587600a5118770ed331136249d50d8"
dependencies = [
 "ahash",
 "bitflags",
 "hashbrown 0.15.2",
 "num-traits",
 "once_cell",
 "polars-arrow",
 "polars-compute",
 "polars-core",
 "polars-io",
 "polars-ops",
 "polars-plan",
 "polars-row",
 "polars-utils",
 "rand",
 "rayon",
]

[[package]]
name = "polars-ffi"
version = "0.45.1"
source = "registry+https://github.com/rust-lang/crates.io-index"
checksum = "259c66ea221679c6421c9c2f4db99cb3138b6c1130414e44d0e22ede7a92e0ed"
dependencies = [
 "polars-arrow",
 "polars-core",
]

[[package]]
name = "polars-io"
version = "0.45.1"
source = "registry+https://github.com/rust-lang/crates.io-index"
checksum = "95d774d5971d2092f0588e89d2f0be524dff35ea368272c0810ba54a860e4411"
dependencies = [
 "ahash",
 "atoi_simd",
 "bytes",
 "fast-float2",
 "glob",
 "hashbrown 0.15.2",
 "home",
 "itoa",
 "memchr",
 "memmap2",
 "num-traits",
 "once_cell",
 "percent-encoding",
 "polars-arrow",
 "polars-core",
 "polars-error",
 "polars-schema",
 "polars-utils",
 "rayon",
 "regex",
 "ryu",
 "simdutf8",
]

[[package]]
name = "polars-iptools"
version = "0.1.9"
dependencies = [
 "ipnet",
 "iptrie",
 "lazy_static",
 "maxminddb",
 "polars",
 "pyo3",
 "pyo3-polars",
 "serde",
]

[[package]]
name = "polars-lazy"
version = "0.45.1"
source = "registry+https://github.com/rust-lang/crates.io-index"
checksum = "fa457bfa96f45cf14c33507eaa3ebcec6a8d52e7f7fc60cd23f338631369d417"
dependencies = [
 "ahash",
 "bitflags",
 "memchr",
 "once_cell",
 "polars-arrow",
 "polars-core",
 "polars-expr",
 "polars-io",
 "polars-mem-engine",
 "polars-ops",
 "polars-plan",
 "polars-utils",
 "rayon",
 "version_check",
]

[[package]]
name = "polars-mem-engine"
version = "0.45.1"
source = "registry+https://github.com/rust-lang/crates.io-index"
checksum = "f73aa56fc0a4c1e9d56b4a4485800f4780ca214030d32d0150eccc44f71d6dab"
dependencies = [
 "memmap2",
 "polars-arrow",
 "polars-core",
 "polars-error",
 "polars-expr",
 "polars-io",
 "polars-ops",
 "polars-plan",
 "polars-utils",
 "rayon",
]

[[package]]
name = "polars-ops"
version = "0.45.1"
source = "registry+https://github.com/rust-lang/crates.io-index"
checksum = "b267480495ffe382dab63318e3c6bf4073bb82971c8b80294d079293fece458b"
dependencies = [
 "ahash",
 "argminmax",
 "bytemuck",
 "either",
 "hashbrown 0.15.2",
 "indexmap",
 "memchr",
 "num-traits",
 "polars-arrow",
 "polars-compute",
 "polars-core",
 "polars-error",
 "polars-schema",
 "polars-utils",
 "rayon",
 "regex",
 "regex-syntax",
 "strum_macros",
 "version_check",
]

[[package]]
name = "polars-parquet"
version = "0.45.1"
source = "registry+https://github.com/rust-lang/crates.io-index"
checksum = "20237f232b1a74b1fae6b5c9bea8c440f2e5d3b5506601b038f0a7a34b84b710"
dependencies = [
 "ahash",
 "base64",
 "bytemuck",
 "ethnum",
 "hashbrown 0.15.2",
 "num-traits",
 "polars-arrow",
 "polars-compute",
 "polars-error",
 "polars-parquet-format",
 "polars-utils",
 "simdutf8",
 "streaming-decompression",
]

[[package]]
name = "polars-parquet-format"
version = "0.1.0"
source = "registry+https://github.com/rust-lang/crates.io-index"
checksum = "c025243dcfe8dbc57e94d9f82eb3bef10b565ab180d5b99bed87fd8aea319ce1"

[[package]]
name = "polars-plan"
version = "0.45.1"
source = "registry+https://github.com/rust-lang/crates.io-index"
checksum = "99a3832887671df1eb326df52cbfcc47789d3d58454c1084a154b48b240175e2"
dependencies = [
 "ahash",
 "bitflags",
 "bytemuck",
 "bytes",
 "either",
 "hashbrown 0.15.2",
 "memmap2",
 "num-traits",
 "once_cell",
 "percent-encoding",
 "polars-arrow",
 "polars-compute",
 "polars-core",
 "polars-io",
 "polars-ops",
 "polars-utils",
 "rayon",
 "recursive",
 "strum_macros",
 "version_check",
]

[[package]]
name = "polars-row"
version = "0.45.1"
source = "registry+https://github.com/rust-lang/crates.io-index"
checksum = "8e36350fb8a90238e02c8ece0f0c4c24f3374197e9c08c1c22cc8b9c526e6c25"
dependencies = [
 "bitflags",
 "bytemuck",
 "polars-arrow",
 "polars-compute",
 "polars-error",
 "polars-utils",
]

[[package]]
name = "polars-schema"
version = "0.45.1"
source = "registry+https://github.com/rust-lang/crates.io-index"
checksum = "8c6aa4913cffc522cea3ccbc0cafb350bec18fed0a1ef8d417ac88ea320d7749"
dependencies = [
 "indexmap",
 "polars-error",
 "polars-utils",
 "version_check",
]

[[package]]
name = "polars-utils"
version = "0.45.1"
source = "registry+https://github.com/rust-lang/crates.io-index"
checksum = "e0fc010eea42ad113b641aa53106e4d6e474650c73573d959a546eed0ce6d479"
dependencies = [
 "ahash",
 "bytemuck",
 "bytes",
 "compact_str",
 "hashbrown 0.15.2",
 "indexmap",
 "libc",
 "memmap2",
 "num-traits",
 "once_cell",
 "polars-error",
 "rand",
 "raw-cpuid",
 "rayon",
 "stacker",
 "version_check",
]

[[package]]
name = "portable-atomic"
version = "1.10.0"
source = "registry+https://github.com/rust-lang/crates.io-index"
checksum = "280dc24453071f1b63954171985a0b0d30058d287960968b9b2aca264c8d4ee6"

[[package]]
name = "ppv-lite86"
version = "0.2.20"
source = "registry+https://github.com/rust-lang/crates.io-index"
checksum = "77957b295656769bb8ad2b6a6b09d897d94f05c41b069aede1fcdaa675eaea04"
dependencies = [
 "zerocopy",
]

[[package]]
name = "proc-macro2"
version = "1.0.92"
source = "registry+https://github.com/rust-lang/crates.io-index"
checksum = "37d3544b3f2748c54e147655edb5025752e2303145b5aefb3c3ea2c78b973bb0"
dependencies = [
 "unicode-ident",
]

[[package]]
name = "psm"
version = "0.1.24"
source = "registry+https://github.com/rust-lang/crates.io-index"
checksum = "200b9ff220857e53e184257720a14553b2f4aa02577d2ed9842d45d4b9654810"
dependencies = [
 "cc",
]

[[package]]
name = "pyo3"
version = "0.22.6"
source = "registry+https://github.com/rust-lang/crates.io-index"
checksum = "f402062616ab18202ae8319da13fa4279883a2b8a9d9f83f20dbade813ce1884"
dependencies = [
 "cfg-if",
 "indoc",
 "libc",
 "memoffset",
 "once_cell",
 "portable-atomic",
 "pyo3-build-config",
 "pyo3-ffi",
 "pyo3-macros",
 "unindent",
]

[[package]]
name = "pyo3-build-config"
version = "0.22.6"
source = "registry+https://github.com/rust-lang/crates.io-index"
checksum = "b14b5775b5ff446dd1056212d778012cbe8a0fbffd368029fd9e25b514479c38"
dependencies = [
 "once_cell",
 "target-lexicon",
]

[[package]]
name = "pyo3-ffi"
version = "0.22.6"
source = "registry+https://github.com/rust-lang/crates.io-index"
checksum = "9ab5bcf04a2cdcbb50c7d6105de943f543f9ed92af55818fd17b660390fc8636"
dependencies = [
 "libc",
 "pyo3-build-config",
]

[[package]]
name = "pyo3-macros"
version = "0.22.6"
source = "registry+https://github.com/rust-lang/crates.io-index"
checksum = "0fd24d897903a9e6d80b968368a34e1525aeb719d568dba8b3d4bfa5dc67d453"
dependencies = [
 "proc-macro2",
 "pyo3-macros-backend",
 "quote",
 "syn 2.0.94",
]

[[package]]
name = "pyo3-macros-backend"
version = "0.22.6"
source = "registry+https://github.com/rust-lang/crates.io-index"
checksum = "36c011a03ba1e50152b4b394b479826cad97e7a21eb52df179cd91ac411cbfbe"
dependencies = [
 "heck",
 "proc-macro2",
 "pyo3-build-config",
 "quote",
 "syn 2.0.94",
]

[[package]]
name = "pyo3-polars"
version = "0.19.0"
source = "registry+https://github.com/rust-lang/crates.io-index"
checksum = "285f023bcf481a2d5a86084e274e27b07d7bd71ee831ec9a9d4cf26c54dc0b9e"
dependencies = [
 "libc",
 "once_cell",
 "polars",
 "polars-core",
 "polars-ffi",
 "polars-plan",
 "pyo3",
 "pyo3-polars-derive",
 "serde",
 "serde-pickle",
 "thiserror 1.0.69",
]

[[package]]
name = "pyo3-polars-derive"
version = "0.13.0"
source = "registry+https://github.com/rust-lang/crates.io-index"
checksum = "4112f13c19817a606e82b198e6ef03877566f1f072ab76aaf9ccd3b158e8c2a2"
dependencies = [
 "polars-core",
 "polars-ffi",
 "polars-plan",
 "proc-macro2",
 "quote",
 "syn 2.0.94",
]

[[package]]
name = "quote"
version = "1.0.38"
source = "registry+https://github.com/rust-lang/crates.io-index"
checksum = "0e4dccaaaf89514f546c693ddc140f729f958c247918a13380cccc6078391acc"
dependencies = [
 "proc-macro2",
]

[[package]]
name = "rand"
version = "0.8.5"
source = "registry+https://github.com/rust-lang/crates.io-index"
checksum = "34af8d1a0e25924bc5b7c43c079c942339d8f0a8b57c39049bef581b46327404"
dependencies = [
 "libc",
 "rand_chacha",
 "rand_core",
]

[[package]]
name = "rand_chacha"
version = "0.3.1"
source = "registry+https://github.com/rust-lang/crates.io-index"
checksum = "e6c10a63a0fa32252be49d21e7709d4d4baf8d231c2dbce1eaa8141b9b127d88"
dependencies = [
 "ppv-lite86",
 "rand_core",
]

[[package]]
name = "rand_core"
version = "0.6.4"
source = "registry+https://github.com/rust-lang/crates.io-index"
checksum = "ec0be4795e2f6a28069bec0b5ff3e2ac9bafc99e6a9a7dc3547996c5c816922c"
dependencies = [
 "getrandom",
]

[[package]]
name = "rand_distr"
version = "0.4.3"
source = "registry+https://github.com/rust-lang/crates.io-index"
checksum = "32cb0b9bc82b0a0876c2dd994a7e7a2683d3e7390ca40e6886785ef0c7e3ee31"
dependencies = [
 "num-traits",
 "rand",
]

[[package]]
name = "raw-cpuid"
version = "11.2.0"
source = "registry+https://github.com/rust-lang/crates.io-index"
checksum = "1ab240315c661615f2ee9f0f2cd32d5a7343a84d5ebcccb99d46e6637565e7b0"
dependencies = [
 "bitflags",
]

[[package]]
name = "rayon"
version = "1.10.0"
source = "registry+https://github.com/rust-lang/crates.io-index"
checksum = "b418a60154510ca1a002a752ca9714984e21e4241e804d32555251faf8b78ffa"
dependencies = [
 "either",
 "rayon-core",
]

[[package]]
name = "rayon-core"
version = "1.12.1"
source = "registry+https://github.com/rust-lang/crates.io-index"
checksum = "1465873a3dfdaa8ae7cb14b4383657caab0b3e8a0aa9ae8e04b044854c8dfce2"
dependencies = [
 "crossbeam-deque",
 "crossbeam-utils",
]

[[package]]
name = "recursive"
version = "0.1.1"
source = "registry+https://github.com/rust-lang/crates.io-index"
checksum = "0786a43debb760f491b1bc0269fe5e84155353c67482b9e60d0cfb596054b43e"
dependencies = [
 "recursive-proc-macro-impl",
 "stacker",
]

[[package]]
name = "recursive-proc-macro-impl"
version = "0.1.1"
source = "registry+https://github.com/rust-lang/crates.io-index"
checksum = "76009fbe0614077fc1a2ce255e3a1881a2e3a3527097d5dc6d8212c585e7e38b"
dependencies = [
 "quote",
 "syn 2.0.94",
]

[[package]]
name = "redox_syscall"
version = "0.5.8"
source = "registry+https://github.com/rust-lang/crates.io-index"
checksum = "03a862b389f93e68874fbf580b9de08dd02facb9a788ebadaf4a3fd33cf58834"
dependencies = [
 "bitflags",
]

[[package]]
name = "regex"
version = "1.11.1"
source = "registry+https://github.com/rust-lang/crates.io-index"
checksum = "b544ef1b4eac5dc2db33ea63606ae9ffcfac26c1416a2806ae0bf5f56b201191"
dependencies = [
 "aho-corasick",
 "memchr",
 "regex-automata",
 "regex-syntax",
]

[[package]]
name = "regex-automata"
version = "0.4.9"
source = "registry+https://github.com/rust-lang/crates.io-index"
checksum = "809e8dc61f6de73b46c85f4c96486310fe304c434cfa43669d7b40f711150908"
dependencies = [
 "aho-corasick",
 "memchr",
 "regex-syntax",
]

[[package]]
name = "regex-syntax"
version = "0.8.5"
source = "registry+https://github.com/rust-lang/crates.io-index"
checksum = "2b15c43186be67a4fd63bee50d0303afffcef381492ebe2c5d87f324e1b8815c"

[[package]]
name = "rustversion"
version = "1.0.19"
source = "registry+https://github.com/rust-lang/crates.io-index"
checksum = "f7c45b9784283f1b2e7fb61b42047c2fd678ef0960d4f6f1eba131594cc369d4"

[[package]]
name = "ryu"
version = "1.0.18"
source = "registry+https://github.com/rust-lang/crates.io-index"
checksum = "f3cb5ba0dc43242ce17de99c180e96db90b235b8a9fdc9543c96d2209116bd9f"

[[package]]
name = "scopeguard"
version = "1.2.0"
source = "registry+https://github.com/rust-lang/crates.io-index"
checksum = "94143f37725109f92c262ed2cf5e59bce7498c01bcc1502d7b9afe439a4e9f49"

[[package]]
name = "serde"
version = "1.0.217"
source = "registry+https://github.com/rust-lang/crates.io-index"
checksum = "02fc4265df13d6fa1d00ecff087228cc0a2b5f3c0e87e258d8b94a156e984c70"
dependencies = [
 "serde_derive",
]

[[package]]
name = "serde-pickle"
version = "1.2.0"
source = "registry+https://github.com/rust-lang/crates.io-index"
checksum = "b641fdc8bcf2781ee78b30c599700d64ad4f412976143e4c5d0b9df906bb4843"
dependencies = [
 "byteorder",
 "iter-read",
 "num-bigint",
 "num-traits",
 "serde",
]

[[package]]
name = "serde_derive"
version = "1.0.217"
source = "registry+https://github.com/rust-lang/crates.io-index"
checksum = "5a9bf7cf98d04a2b28aead066b7496853d4779c9cc183c440dbac457641e19a0"
dependencies = [
 "proc-macro2",
 "quote",
 "syn 2.0.94",
]

[[package]]
name = "shlex"
version = "1.3.0"
source = "registry+https://github.com/rust-lang/crates.io-index"
checksum = "0fda2ff0d084019ba4d7c6f371c95d8fd75ce3524c3cb8fb653a3023f6323e64"

[[package]]
name = "simdutf8"
version = "0.1.5"
source = "registry+https://github.com/rust-lang/crates.io-index"
checksum = "e3a9fe34e3e7a50316060351f37187a3f546bce95496156754b601a5fa71b76e"

[[package]]
name = "siphasher"
version = "1.0.1"
source = "registry+https://github.com/rust-lang/crates.io-index"
checksum = "56199f7ddabf13fe5074ce809e7d3f42b42ae711800501b5b16ea82ad029c39d"

[[package]]
name = "smallvec"
version = "1.13.2"
source = "registry+https://github.com/rust-lang/crates.io-index"
checksum = "3c5e1a9a646d36c3599cd173a41282daf47c44583ad367b8e6837255952e5c67"

[[package]]
name = "stacker"
version = "0.1.17"
source = "registry+https://github.com/rust-lang/crates.io-index"
checksum = "799c883d55abdb5e98af1a7b3f23b9b6de8ecada0ecac058672d7635eb48ca7b"
dependencies = [
 "cc",
 "cfg-if",
 "libc",
 "psm",
 "windows-sys",
]

[[package]]
name = "static_assertions"
version = "1.1.0"
source = "registry+https://github.com/rust-lang/crates.io-index"
checksum = "a2eb9349b6444b326872e140eb1cf5e7c522154d69e7a0ffb0fb81c06b37543f"

[[package]]
name = "streaming-decompression"
version = "0.1.2"
source = "registry+https://github.com/rust-lang/crates.io-index"
checksum = "bf6cc3b19bfb128a8ad11026086e31d3ce9ad23f8ea37354b31383a187c44cf3"
dependencies = [
 "fallible-streaming-iterator",
]

[[package]]
name = "streaming-iterator"
version = "0.1.9"
source = "registry+https://github.com/rust-lang/crates.io-index"
checksum = "2b2231b7c3057d5e4ad0156fb3dc807d900806020c5ffa3ee6ff2c8c76fb8520"

[[package]]
name = "strength_reduce"
version = "0.2.4"
source = "registry+https://github.com/rust-lang/crates.io-index"
checksum = "fe895eb47f22e2ddd4dabc02bce419d2e643c8e3b585c78158b349195bc24d82"

[[package]]
name = "strum_macros"
version = "0.26.4"
source = "registry+https://github.com/rust-lang/crates.io-index"
checksum = "4c6bee85a5a24955dc440386795aa378cd9cf82acd5f764469152d2270e581be"
dependencies = [
 "heck",
 "proc-macro2",
 "quote",
 "rustversion",
 "syn 2.0.94",
]

[[package]]
name = "syn"
version = "1.0.109"
source = "registry+https://github.com/rust-lang/crates.io-index"
checksum = "72b64191b275b66ffe2469e8af2c1cfe3bafa67b529ead792a6d0160888b4237"
dependencies = [
 "proc-macro2",
 "quote",
 "unicode-ident",
]

[[package]]
name = "syn"
version = "2.0.94"
source = "registry+https://github.com/rust-lang/crates.io-index"
checksum = "987bc0be1cdea8b10216bd06e2ca407d40b9543468fafd3ddfb02f36e77f71f3"
dependencies = [
 "proc-macro2",
 "quote",
 "unicode-ident",
]

[[package]]
name = "target-features"
version = "0.1.6"
source = "registry+https://github.com/rust-lang/crates.io-index"
checksum = "c1bbb9f3c5c463a01705937a24fdabc5047929ac764b2d5b9cf681c1f5041ed5"

[[package]]
name = "target-lexicon"
version = "0.12.16"
source = "registry+https://github.com/rust-lang/crates.io-index"
checksum = "61c41af27dd6d1e27b1b16b489db798443478cef1f06a660c96db617ba5de3b1"

[[package]]
name = "thiserror"
version = "1.0.69"
source = "registry+https://github.com/rust-lang/crates.io-index"
checksum = "b6aaf5339b578ea85b50e080feb250a3e8ae8cfcdff9a461c9ec2904bc923f52"
dependencies = [
 "thiserror-impl 1.0.69",
]

[[package]]
name = "thiserror"
version = "2.0.9"
source = "registry+https://github.com/rust-lang/crates.io-index"
checksum = "f072643fd0190df67a8bab670c20ef5d8737177d6ac6b2e9a236cb096206b2cc"
dependencies = [
 "thiserror-impl 2.0.9",
]

[[package]]
name = "thiserror-impl"
version = "1.0.69"
source = "registry+https://github.com/rust-lang/crates.io-index"
checksum = "4fee6c4efc90059e10f81e6d42c60a18f76588c3d74cb83a0b242a2b6c7504c1"
dependencies = [
 "proc-macro2",
 "quote",
 "syn 2.0.94",
]

[[package]]
name = "thiserror-impl"
version = "2.0.9"
source = "registry+https://github.com/rust-lang/crates.io-index"
checksum = "7b50fa271071aae2e6ee85f842e2e28ba8cd2c5fb67f11fcb1fd70b276f9e7d4"
dependencies = [
 "proc-macro2",
 "quote",
 "syn 2.0.94",
]

[[package]]
name = "unicode-ident"
version = "1.0.14"
source = "registry+https://github.com/rust-lang/crates.io-index"
checksum = "adb9e6ca4f869e1180728b7950e35922a7fc6397f7b641499e8f3ef06e50dc83"

[[package]]
name = "unindent"
version = "0.2.3"
source = "registry+https://github.com/rust-lang/crates.io-index"
checksum = "c7de7d73e1754487cb58364ee906a499937a0dfabd86bcb980fa99ec8c8fa2ce"

[[package]]
name = "version_check"
version = "0.9.5"
source = "registry+https://github.com/rust-lang/crates.io-index"
checksum = "0b928f33d975fc6ad9f86c8f283853ad26bdd5b10b7f1542aa2fa15e2289105a"

[[package]]
name = "wasi"
version = "0.11.0+wasi-snapshot-preview1"
source = "registry+https://github.com/rust-lang/crates.io-index"
checksum = "9c8d87e72b64a3b4db28d11ce29237c246188f4f51057d65a7eab63b7987e423"

[[package]]
name = "wasm-bindgen"
version = "0.2.99"
source = "registry+https://github.com/rust-lang/crates.io-index"
checksum = "a474f6281d1d70c17ae7aa6a613c87fce69a127e2624002df63dcb39d6cf6396"
dependencies = [
 "cfg-if",
 "once_cell",
 "wasm-bindgen-macro",
]

[[package]]
name = "wasm-bindgen-backend"
version = "0.2.99"
source = "registry+https://github.com/rust-lang/crates.io-index"
checksum = "5f89bb38646b4f81674e8f5c3fb81b562be1fd936d84320f3264486418519c79"
dependencies = [
 "bumpalo",
 "log",
 "proc-macro2",
 "quote",
 "syn 2.0.94",
 "wasm-bindgen-shared",
]

[[package]]
name = "wasm-bindgen-macro"
version = "0.2.99"
source = "registry+https://github.com/rust-lang/crates.io-index"
checksum = "2cc6181fd9a7492eef6fef1f33961e3695e4579b9872a6f7c83aee556666d4fe"
dependencies = [
 "quote",
 "wasm-bindgen-macro-support",
]

[[package]]
name = "wasm-bindgen-macro-support"
version = "0.2.99"
source = "registry+https://github.com/rust-lang/crates.io-index"
checksum = "30d7a95b763d3c45903ed6c81f156801839e5ee968bb07e534c44df0fcd330c2"
dependencies = [
 "proc-macro2",
 "quote",
 "syn 2.0.94",
 "wasm-bindgen-backend",
 "wasm-bindgen-shared",
]

[[package]]
name = "wasm-bindgen-shared"
version = "0.2.99"
source = "registry+https://github.com/rust-lang/crates.io-index"
checksum = "943aab3fdaaa029a6e0271b35ea10b72b943135afe9bffca82384098ad0e06a6"

[[package]]
name = "windows-sys"
version = "0.59.0"
source = "registry+https://github.com/rust-lang/crates.io-index"
checksum = "1e38bc4d79ed67fd075bcc251a1c39b32a1776bbe92e5bef1f0bf1f8c531853b"
dependencies = [
 "windows-targets",
]

[[package]]
name = "windows-targets"
version = "0.52.6"
source = "registry+https://github.com/rust-lang/crates.io-index"
checksum = "9b724f72796e036ab90c1021d4780d4d3d648aca59e491e6b98e725b84e99973"
dependencies = [
 "windows_aarch64_gnullvm",
 "windows_aarch64_msvc",
 "windows_i686_gnu",
 "windows_i686_gnullvm",
 "windows_i686_msvc",
 "windows_x86_64_gnu",
 "windows_x86_64_gnullvm",
 "windows_x86_64_msvc",
]

[[package]]
name = "windows_aarch64_gnullvm"
version = "0.52.6"
source = "registry+https://github.com/rust-lang/crates.io-index"
checksum = "32a4622180e7a0ec044bb555404c800bc9fd9ec262ec147edd5989ccd0c02cd3"

[[package]]
name = "windows_aarch64_msvc"
version = "0.52.6"
source = "registry+https://github.com/rust-lang/crates.io-index"
checksum = "09ec2a7bb152e2252b53fa7803150007879548bc709c039df7627cabbd05d469"

[[package]]
name = "windows_i686_gnu"
version = "0.52.6"
source = "registry+https://github.com/rust-lang/crates.io-index"
checksum = "8e9b5ad5ab802e97eb8e295ac6720e509ee4c243f69d781394014ebfe8bbfa0b"

[[package]]
name = "windows_i686_gnullvm"
version = "0.52.6"
source = "registry+https://github.com/rust-lang/crates.io-index"
checksum = "0eee52d38c090b3caa76c563b86c3a4bd71ef1a819287c19d586d7334ae8ed66"

[[package]]
name = "windows_i686_msvc"
version = "0.52.6"
source = "registry+https://github.com/rust-lang/crates.io-index"
checksum = "240948bc05c5e7c6dabba28bf89d89ffce3e303022809e73deaefe4f6ec56c66"

[[package]]
name = "windows_x86_64_gnu"
version = "0.52.6"
source = "registry+https://github.com/rust-lang/crates.io-index"
checksum = "147a5c80aabfbf0c7d901cb5895d1de30ef2907eb21fbbab29ca94c5b08b1a78"

[[package]]
name = "windows_x86_64_gnullvm"
version = "0.52.6"
source = "registry+https://github.com/rust-lang/crates.io-index"
checksum = "24d5b23dc417412679681396f2b49f3de8c1473deb516bd34410872eff51ed0d"

[[package]]
name = "windows_x86_64_msvc"
version = "0.52.6"
source = "registry+https://github.com/rust-lang/crates.io-index"
checksum = "589f6da84c646204747d1270a2a5661ea66ed1cced2631d546fdfb155959f9ec"

[[package]]
name = "xxhash-rust"
version = "0.8.15"
source = "registry+https://github.com/rust-lang/crates.io-index"
checksum = "fdd20c5420375476fbd4394763288da7eb0cc0b8c11deed431a91562af7335d3"

[[package]]
name = "zerocopy"
version = "0.7.35"
source = "registry+https://github.com/rust-lang/crates.io-index"
checksum = "1b9b4fd18abc82b8136838da5d50bae7bdea537c574d8dc1a34ed098d6c166f0"
dependencies = [
 "byteorder",
 "zerocopy-derive",
]

[[package]]
name = "zerocopy-derive"
version = "0.7.35"
source = "registry+https://github.com/rust-lang/crates.io-index"
checksum = "fa4f8080344d4671fb4e831a13ad1e68092748387dfc4f55e356242fae12ce3e"
dependencies = [
 "proc-macro2",
 "quote",
 "syn 2.0.94",
]
